
Microsoft Visual Studio Solution File, Format Version 12.00
# Visual Studio Version 17
VisualStudioVersion = 17.8.34330.188
MinimumVisualStudioVersion = 10.0.40219.1
Project("{FAE04EC0-301F-11D3-BF4B-00C04F79EFBC}") = "CredentialStorageWebsbor", "CredentialStorageWebsbor\CredentialStorageWebsbor.csproj", "{760CD0C9-5206-44AF-8BDB-D994543A16D5}"
EndProject
Global
	GlobalSection(SolutionConfigurationPlatforms) = preSolution
		Debug|Any CPU = Debug|Any CPU
		Release|Any CPU = Release|Any CPU
	EndGlobalSection
	GlobalSection(ProjectConfigurationPlatforms) = postSolution
		{760CD0C9-5206-44AF-8BDB-D994543A16D5}.Debug|Any CPU.ActiveCfg = Debug|Any CPU
		{760CD0C9-5206-44AF-8BDB-D994543A16D5}.Debug|Any CPU.Build.0 = Debug|Any CPU
		{760CD0C9-5206-44AF-8BDB-D994543A16D5}.Release|Any CPU.ActiveCfg = Release|Any CPU
		{760CD0C9-5206-44AF-8BDB-D994543A16D5}.Release|Any CPU.Build.0 = Release|Any CPU
	EndGlobalSection
	GlobalSection(SolutionProperties) = preSolution
		HideSolutionNode = FALSE
	EndGlobalSection
	GlobalSection(ExtensibilityGlobals) = postSolution
		SolutionGuid = {17C09BCC-3291-4223-984C-2BF944EF22F9}
	EndGlobalSection
EndGlobal
